
Microsoft Visual Studio Solution File, Format Version 12.00
# Visual Studio Version 17
VisualStudioVersion = 17.2.32602.215
MinimumVisualStudioVersion = 10.0.40219.1
Project("{FAE04EC0-301F-11D3-BF4B-00C04F79EFBC}") = "flappybird", "flappybird\flappybird.csproj", "{ACBFB8FD-0BF2-42A0-9B5A-40DC92719C6D}"
EndProject
Global
	GlobalSection(SolutionConfigurationPlatforms) = preSolution
		Debug|Any CPU = Debug|Any CPU
		Release|Any CPU = Release|Any CPU
	EndGlobalSection
	GlobalSection(ProjectConfigurationPlatforms) = postSolution
		{ACBFB8FD-0BF2-42A0-9B5A-40DC92719C6D}.Debug|Any CPU.ActiveCfg = Debug|Any CPU
		{ACBFB8FD-0BF2-42A0-9B5A-40DC92719C6D}.Debug|Any CPU.Build.0 = Debug|Any CPU
		{ACBFB8FD-0BF2-42A0-9B5A-40DC92719C6D}.Release|Any CPU.ActiveCfg = Release|Any CPU
		{ACBFB8FD-0BF2-42A0-9B5A-40DC92719C6D}.Release|Any CPU.Build.0 = Release|Any CPU
	EndGlobalSection
	GlobalSection(SolutionProperties) = preSolution
		HideSolutionNode = FALSE
	EndGlobalSection
	GlobalSection(ExtensibilityGlobals) = postSolution
		SolutionGuid = {61AB29D5-7D9B-45FB-9CA0-52781CCD73AB}
	EndGlobalSection
EndGlobal
